
Microsoft Visual Studio Solution File, Format Version 12.00
# Visual Studio Version 17
VisualStudioVersion = 17.13.35931.197
MinimumVisualStudioVersion = 10.0.40219.1
Project("{2150E333-8FDC-42A3-9474-1A3956D46DE8}") = "Solution Items", "Solution Items", "{8EC462FD-D22E-90A8-E5CE-7E832BA40C5D}"
	ProjectSection(SolutionItems) = preProject
		readme.md = readme.md
	EndProjectSection
EndProject
Project("{2150E333-8FDC-42A3-9474-1A3956D46DE8}") = "src", "src", "{02EA681E-C7D8-13C7-8484-4AC65E1B71E8}"
EndProject
Project("{2150E333-8FDC-42A3-9474-1A3956D46DE8}") = "Modules", "Modules", "{163B314F-4A57-46AE-9E8A-ADFF7EB6021A}"
EndProject
Project("{2150E333-8FDC-42A3-9474-1A3956D46DE8}") = "Users", "Users", "{9FD0716E-203B-45BD-99F7-FEC6BA52826D}"
EndProject
Project("{FAE04EC0-301F-11D3-BF4B-00C04F79EFBC}") = "SocialMedia.Users", "SocialMedia.Users\SocialMedia.Users.csproj", "{28C75871-A8E4-4151-BD70-2464C13F73E8}"
EndProject
Project("{FAE04EC0-301F-11D3-BF4B-00C04F79EFBC}") = "SocialMedia.Users.Contracts", "SocialMedia.Users.Contracts\SocialMedia.Users.Contracts.csproj", "{8F8E9D85-0FB4-4A2E-8932-660F64537A81}"
EndProject
Project("{FAE04EC0-301F-11D3-BF4B-00C04F79EFBC}") = "SocialMedia.Web", "SocialMedia.Web\SocialMedia.Web.csproj", "{B72B3C47-C7A8-4373-AB6D-FF197753DF7E}"
EndProject
Project("{FAE04EC0-301F-11D3-BF4B-00C04F79EFBC}") = "SocialMedia.SharedKernel", "SocialMedia.SharedKernel\SocialMedia.SharedKernel.csproj", "{CEB12FAB-4A20-4EEC-9E01-007EBE1EFA05}"
EndProject
Project("{2150E333-8FDC-42A3-9474-1A3956D46DE8}") = "documentation", "documentation", "{B8941E5B-B1B7-453D-B7F7-E29E5DE541F9}"
	ProjectSection(SolutionItems) = preProject
		modules.md = modules.md
	EndProjectSection
EndProject
Project("{2150E333-8FDC-42A3-9474-1A3956D46DE8}") = "Notifications", "Notifications", "{CF11C822-B203-400F-89D9-6521299328B1}"
EndProject
Project("{FAE04EC0-301F-11D3-BF4B-00C04F79EFBC}") = "SocialMedia.Notifications", "SocialMedia.Notifications\SocialMedia.Notifications.csproj", "{4C0E4BFF-8662-499E-89CC-A1AE8BEDA9FC}"
EndProject
Project("{FAE04EC0-301F-11D3-BF4B-00C04F79EFBC}") = "SocialMedia.Notifications.Contracts", "SocialMedia.Notifications.Contracts\SocialMedia.Notifications.Contracts.csproj", "{87FC4BFE-9B1E-4901-BA88-EC0A58444015}"
EndProject
Project("{2150E333-8FDC-42A3-9474-1A3956D46DE8}") = "Posts", "Posts", "{CCA945CD-E4E8-4FE3-91D6-AFA88A4E413E}"
EndProject
Project("{FAE04EC0-301F-11D3-BF4B-00C04F79EFBC}") = "SocialMedia.Posts", "SocialMedia.Posts\SocialMedia.Posts.csproj", "{759717FF-EDD8-4ED5-8BC9-6AE18B35BC93}"
EndProject
Project("{2150E333-8FDC-42A3-9474-1A3956D46DE8}") = "Blobs", "Blobs", "{7AF4CA6F-3969-4931-9222-5922474DD243}"
EndProject
Project("{FAE04EC0-301F-11D3-BF4B-00C04F79EFBC}") = "SocialMedia.Blobs", "SocialMedia.Blobs\SocialMedia.Blobs.csproj", "{C839E4C2-1B51-4AA9-8959-F2F8D2AF3422}"
EndProject
Project("{FAE04EC0-301F-11D3-BF4B-00C04F79EFBC}") = "SocialMedia.Blobs.Contracts", "SocialMedia.Blobs.Contracts\SocialMedia.Blobs.Contracts.csproj", "{D621345B-FA52-41C1-80A9-FA8909275544}"
EndProject
Project("{FAE04EC0-301F-11D3-BF4B-00C04F79EFBC}") = "SocialMedia.Web.Client", "SocialMedia.Web.Client\SocialMedia.Web.Client.csproj", "{84791DCF-884A-438F-8A3F-8D15C22F69B9}"
EndProject
Global
	GlobalSection(SolutionConfigurationPlatforms) = preSolution
		Debug|Any CPU = Debug|Any CPU
		Release|Any CPU = Release|Any CPU
	EndGlobalSection
	GlobalSection(ProjectConfigurationPlatforms) = postSolution
		{28C75871-A8E4-4151-BD70-2464C13F73E8}.Debug|Any CPU.ActiveCfg = Debug|Any CPU
		{28C75871-A8E4-4151-BD70-2464C13F73E8}.Debug|Any CPU.Build.0 = Debug|Any CPU
		{28C75871-A8E4-4151-BD70-2464C13F73E8}.Release|Any CPU.ActiveCfg = Release|Any CPU
		{28C75871-A8E4-4151-BD70-2464C13F73E8}.Release|Any CPU.Build.0 = Release|Any CPU
		{8F8E9D85-0FB4-4A2E-8932-660F64537A81}.Debug|Any CPU.ActiveCfg = Debug|Any CPU
		{8F8E9D85-0FB4-4A2E-8932-660F64537A81}.Debug|Any CPU.Build.0 = Debug|Any CPU
		{8F8E9D85-0FB4-4A2E-8932-660F64537A81}.Release|Any CPU.ActiveCfg = Release|Any CPU
		{8F8E9D85-0FB4-4A2E-8932-660F64537A81}.Release|Any CPU.Build.0 = Release|Any CPU
		{B72B3C47-C7A8-4373-AB6D-FF197753DF7E}.Debug|Any CPU.ActiveCfg = Debug|Any CPU
		{B72B3C47-C7A8-4373-AB6D-FF197753DF7E}.Debug|Any CPU.Build.0 = Debug|Any CPU
		{B72B3C47-C7A8-4373-AB6D-FF197753DF7E}.Release|Any CPU.ActiveCfg = Release|Any CPU
		{B72B3C47-C7A8-4373-AB6D-FF197753DF7E}.Release|Any CPU.Build.0 = Release|Any CPU
		{CEB12FAB-4A20-4EEC-9E01-007EBE1EFA05}.Debug|Any CPU.ActiveCfg = Debug|Any CPU
		{CEB12FAB-4A20-4EEC-9E01-007EBE1EFA05}.Debug|Any CPU.Build.0 = Debug|Any CPU
		{CEB12FAB-4A20-4EEC-9E01-007EBE1EFA05}.Release|Any CPU.ActiveCfg = Release|Any CPU
		{CEB12FAB-4A20-4EEC-9E01-007EBE1EFA05}.Release|Any CPU.Build.0 = Release|Any CPU
		{4C0E4BFF-8662-499E-89CC-A1AE8BEDA9FC}.Debug|Any CPU.ActiveCfg = Debug|Any CPU
		{4C0E4BFF-8662-499E-89CC-A1AE8BEDA9FC}.Debug|Any CPU.Build.0 = Debug|Any CPU
		{4C0E4BFF-8662-499E-89CC-A1AE8BEDA9FC}.Release|Any CPU.ActiveCfg = Release|Any CPU
		{4C0E4BFF-8662-499E-89CC-A1AE8BEDA9FC}.Release|Any CPU.Build.0 = Release|Any CPU
		{87FC4BFE-9B1E-4901-BA88-EC0A58444015}.Debug|Any CPU.ActiveCfg = Debug|Any CPU
		{87FC4BFE-9B1E-4901-BA88-EC0A58444015}.Debug|Any CPU.Build.0 = Debug|Any CPU
		{87FC4BFE-9B1E-4901-BA88-EC0A58444015}.Release|Any CPU.ActiveCfg = Release|Any CPU
		{87FC4BFE-9B1E-4901-BA88-EC0A58444015}.Release|Any CPU.Build.0 = Release|Any CPU
		{759717FF-EDD8-4ED5-8BC9-6AE18B35BC93}.Debug|Any CPU.ActiveCfg = Debug|Any CPU
		{759717FF-EDD8-4ED5-8BC9-6AE18B35BC93}.Debug|Any CPU.Build.0 = Debug|Any CPU
		{759717FF-EDD8-4ED5-8BC9-6AE18B35BC93}.Release|Any CPU.ActiveCfg = Release|Any CPU
		{759717FF-EDD8-4ED5-8BC9-6AE18B35BC93}.Release|Any CPU.Build.0 = Release|Any CPU
		{C839E4C2-1B51-4AA9-8959-F2F8D2AF3422}.Debug|Any CPU.ActiveCfg = Debug|Any CPU
		{C839E4C2-1B51-4AA9-8959-F2F8D2AF3422}.Debug|Any CPU.Build.0 = Debug|Any CPU
		{C839E4C2-1B51-4AA9-8959-F2F8D2AF3422}.Release|Any CPU.ActiveCfg = Release|Any CPU
		{C839E4C2-1B51-4AA9-8959-F2F8D2AF3422}.Release|Any CPU.Build.0 = Release|Any CPU
		{D621345B-FA52-41C1-80A9-FA8909275544}.Debug|Any CPU.ActiveCfg = Debug|Any CPU
		{D621345B-FA52-41C1-80A9-FA8909275544}.Debug|Any CPU.Build.0 = Debug|Any CPU
		{D621345B-FA52-41C1-80A9-FA8909275544}.Release|Any CPU.ActiveCfg = Release|Any CPU
		{D621345B-FA52-41C1-80A9-FA8909275544}.Release|Any CPU.Build.0 = Release|Any CPU
		{84791DCF-884A-438F-8A3F-8D15C22F69B9}.Debug|Any CPU.ActiveCfg = Debug|Any CPU
		{84791DCF-884A-438F-8A3F-8D15C22F69B9}.Debug|Any CPU.Build.0 = Debug|Any CPU
		{84791DCF-884A-438F-8A3F-8D15C22F69B9}.Release|Any CPU.ActiveCfg = Release|Any CPU
		{84791DCF-884A-438F-8A3F-8D15C22F69B9}.Release|Any CPU.Build.0 = Release|Any CPU
	EndGlobalSection
	GlobalSection(SolutionProperties) = preSolution
		HideSolutionNode = FALSE
	EndGlobalSection
	GlobalSection(NestedProjects) = preSolution
		{163B314F-4A57-46AE-9E8A-ADFF7EB6021A} = {02EA681E-C7D8-13C7-8484-4AC65E1B71E8}
		{9FD0716E-203B-45BD-99F7-FEC6BA52826D} = {163B314F-4A57-46AE-9E8A-ADFF7EB6021A}
		{28C75871-A8E4-4151-BD70-2464C13F73E8} = {9FD0716E-203B-45BD-99F7-FEC6BA52826D}
		{8F8E9D85-0FB4-4A2E-8932-660F64537A81} = {9FD0716E-203B-45BD-99F7-FEC6BA52826D}
		{B72B3C47-C7A8-4373-AB6D-FF197753DF7E} = {02EA681E-C7D8-13C7-8484-4AC65E1B71E8}
		{CEB12FAB-4A20-4EEC-9E01-007EBE1EFA05} = {02EA681E-C7D8-13C7-8484-4AC65E1B71E8}
		{B8941E5B-B1B7-453D-B7F7-E29E5DE541F9} = {02EA681E-C7D8-13C7-8484-4AC65E1B71E8}
		{CF11C822-B203-400F-89D9-6521299328B1} = {163B314F-4A57-46AE-9E8A-ADFF7EB6021A}
		{4C0E4BFF-8662-499E-89CC-A1AE8BEDA9FC} = {CF11C822-B203-400F-89D9-6521299328B1}
		{87FC4BFE-9B1E-4901-BA88-EC0A58444015} = {CF11C822-B203-400F-89D9-6521299328B1}
		{CCA945CD-E4E8-4FE3-91D6-AFA88A4E413E} = {163B314F-4A57-46AE-9E8A-ADFF7EB6021A}
		{759717FF-EDD8-4ED5-8BC9-6AE18B35BC93} = {CCA945CD-E4E8-4FE3-91D6-AFA88A4E413E}
		{7AF4CA6F-3969-4931-9222-5922474DD243} = {163B314F-4A57-46AE-9E8A-ADFF7EB6021A}
		{C839E4C2-1B51-4AA9-8959-F2F8D2AF3422} = {7AF4CA6F-3969-4931-9222-5922474DD243}
		{D621345B-FA52-41C1-80A9-FA8909275544} = {7AF4CA6F-3969-4931-9222-5922474DD243}
		{84791DCF-884A-438F-8A3F-8D15C22F69B9} = {02EA681E-C7D8-13C7-8484-4AC65E1B71E8}
	EndGlobalSection
	GlobalSection(ExtensibilityGlobals) = postSolution
		SolutionGuid = {64397CE0-FE19-4458-8417-6364F523CC1B}
	EndGlobalSection
EndGlobal
